
Microsoft Visual Studio Solution File, Format Version 12.00
# Visual Studio Version 17
VisualStudioVersion = 17.5.33516.290
MinimumVisualStudioVersion = 10.0.40219.1
Project("{FAE04EC0-301F-11D3-BF4B-00C04F79EFBC}") = "HTMLSamples", "HTMLSamples\HTMLSamples.csproj", "{D72CD855-5927-4826-AE6B-2D8D00FF9589}"
EndProject
Global
	GlobalSection(SolutionConfigurationPlatforms) = preSolution
		Debug|Any CPU = Debug|Any CPU
		Release|Any CPU = Release|Any CPU
	EndGlobalSection
	GlobalSection(ProjectConfigurationPlatforms) = postSolution
		{D72CD855-5927-4826-AE6B-2D8D00FF9589}.Debug|Any CPU.ActiveCfg = Debug|Any CPU
		{D72CD855-5927-4826-AE6B-2D8D00FF9589}.Debug|Any CPU.Build.0 = Debug|Any CPU
		{D72CD855-5927-4826-AE6B-2D8D00FF9589}.Release|Any CPU.ActiveCfg = Release|Any CPU
		{D72CD855-5927-4826-AE6B-2D8D00FF9589}.Release|Any CPU.Build.0 = Release|Any CPU
	EndGlobalSection
	GlobalSection(SolutionProperties) = preSolution
		HideSolutionNode = FALSE
	EndGlobalSection
	GlobalSection(ExtensibilityGlobals) = postSolution
		SolutionGuid = {36F37549-E5F0-4DC2-8EFD-BA21735DD232}
	EndGlobalSection
EndGlobal
